
Microsoft Visual Studio Solution File, Format Version 12.00
Project("{FAE04EC0-301F-11D3-BF4B-00C04F79EFBC}") = "ShitCompiler.CodeAnalysis", "Source\ShitCompiler.CodeAnalysis\ShitCompiler.CodeAnalysis.csproj", "{84091420-EB4A-E49E-58CF-0C07641F805C}"
EndProject
Project("{2150E333-8FDC-42A3-9474-1A3956D46DE8}") = "ShitCompiler.Ui", "ShitCompiler.Ui", "{230B2473-7076-B6D7-0ED9-16701A9412B2}"
EndProject
Project("{FAE04EC0-301F-11D3-BF4B-00C04F79EFBC}") = "ShitCompiler.Android", "Source\ShitCompiler.Ui\ShitCompiler.Android\ShitCompiler.Android.csproj", "{CD12DE4A-8958-01B8-EA95-986515B19B7E}"
EndProject
Project("{FAE04EC0-301F-11D3-BF4B-00C04F79EFBC}") = "ShitCompiler.Browser", "Source\ShitCompiler.Ui\ShitCompiler.Browser\ShitCompiler.Browser.csproj", "{471B52BD-6C40-E5F5-BDE8-F6CC41FD4B68}"
EndProject
Project("{FAE04EC0-301F-11D3-BF4B-00C04F79EFBC}") = "ShitCompiler.Common", "Source\ShitCompiler.Ui\ShitCompiler.Common\ShitCompiler.Common.csproj", "{A2B4E04C-097B-F00F-83A3-2F7A32AC1543}"
EndProject
Project("{FAE04EC0-301F-11D3-BF4B-00C04F79EFBC}") = "ShitCompiler.Desktop", "Source\ShitCompiler.Ui\ShitCompiler.Desktop\ShitCompiler.Desktop.csproj", "{53A29A32-67EE-D3AD-5A77-161A7B53E33A}"
EndProject
Global
	GlobalSection(SolutionConfigurationPlatforms) = preSolution
		Debug|Any CPU = Debug|Any CPU
		Release|Any CPU = Release|Any CPU
	EndGlobalSection
	GlobalSection(ProjectConfigurationPlatforms) = postSolution
		{84091420-EB4A-E49E-58CF-0C07641F805C}.Debug|Any CPU.ActiveCfg = Debug|Any CPU
		{84091420-EB4A-E49E-58CF-0C07641F805C}.Debug|Any CPU.Build.0 = Debug|Any CPU
		{84091420-EB4A-E49E-58CF-0C07641F805C}.Release|Any CPU.ActiveCfg = Release|Any CPU
		{84091420-EB4A-E49E-58CF-0C07641F805C}.Release|Any CPU.Build.0 = Release|Any CPU
		{CD12DE4A-8958-01B8-EA95-986515B19B7E}.Debug|Any CPU.ActiveCfg = Debug|Any CPU
		{CD12DE4A-8958-01B8-EA95-986515B19B7E}.Debug|Any CPU.Build.0 = Debug|Any CPU
		{CD12DE4A-8958-01B8-EA95-986515B19B7E}.Debug|Any CPU.Deploy.0 = Debug|Any CPU
		{CD12DE4A-8958-01B8-EA95-986515B19B7E}.Release|Any CPU.ActiveCfg = Release|Any CPU
		{CD12DE4A-8958-01B8-EA95-986515B19B7E}.Release|Any CPU.Build.0 = Release|Any CPU
		{471B52BD-6C40-E5F5-BDE8-F6CC41FD4B68}.Debug|Any CPU.ActiveCfg = Debug|Any CPU
		{471B52BD-6C40-E5F5-BDE8-F6CC41FD4B68}.Debug|Any CPU.Build.0 = Debug|Any CPU
		{471B52BD-6C40-E5F5-BDE8-F6CC41FD4B68}.Release|Any CPU.ActiveCfg = Release|Any CPU
		{471B52BD-6C40-E5F5-BDE8-F6CC41FD4B68}.Release|Any CPU.Build.0 = Release|Any CPU
		{A2B4E04C-097B-F00F-83A3-2F7A32AC1543}.Debug|Any CPU.ActiveCfg = Debug|Any CPU
		{A2B4E04C-097B-F00F-83A3-2F7A32AC1543}.Debug|Any CPU.Build.0 = Debug|Any CPU
		{A2B4E04C-097B-F00F-83A3-2F7A32AC1543}.Release|Any CPU.ActiveCfg = Release|Any CPU
		{A2B4E04C-097B-F00F-83A3-2F7A32AC1543}.Release|Any CPU.Build.0 = Release|Any CPU
		{53A29A32-67EE-D3AD-5A77-161A7B53E33A}.Debug|Any CPU.ActiveCfg = Debug|Any CPU
		{53A29A32-67EE-D3AD-5A77-161A7B53E33A}.Debug|Any CPU.Build.0 = Debug|Any CPU
		{53A29A32-67EE-D3AD-5A77-161A7B53E33A}.Release|Any CPU.ActiveCfg = Release|Any CPU
		{53A29A32-67EE-D3AD-5A77-161A7B53E33A}.Release|Any CPU.Build.0 = Release|Any CPU
	EndGlobalSection
	GlobalSection(NestedProjects) = preSolution
		{CD12DE4A-8958-01B8-EA95-986515B19B7E} = {230B2473-7076-B6D7-0ED9-16701A9412B2}
		{471B52BD-6C40-E5F5-BDE8-F6CC41FD4B68} = {230B2473-7076-B6D7-0ED9-16701A9412B2}
		{A2B4E04C-097B-F00F-83A3-2F7A32AC1543} = {230B2473-7076-B6D7-0ED9-16701A9412B2}
		{53A29A32-67EE-D3AD-5A77-161A7B53E33A} = {230B2473-7076-B6D7-0ED9-16701A9412B2}
	EndGlobalSection
EndGlobal
